{
  "version": 4,
  "terraform_version": "1.1.7",
  "serial": 7,
  "lineage": "9f70d7e6-b937-738a-eb3e-8f6e30aa9408",
  "outputs": {},
  "resources": [
    {
      "mode": "managed",
      "type": "edgecast_dns_masterservergroup",
      "name": "master_server_group",
      "provider": "provider[\"github.com/terraform-providers/edgecast\"]",
      "instances": [
        {
          "schema_version": 0,
          "attributes": {
            "account_number": "4FDBB",
            "id": "948",
            "master_group_id": 948,
            "master_server_group_name": "msg42",
            "masters": [
              {
                "id": 2453,
                "ipaddress": "10.10.10.2",
                "name": "ns1.test.com"
              },
              {
                "id": 2454,
                "ipaddress": "10.10.10.3",
                "name": "ns2.test.com"
              }
            ]
          },
          "sensitive_attributes": [],
          "private": "bnVsbA=="
        }
      ]
    },
    {
      "mode": "managed",
      "type": "edgecast_dns_secondaryzonegroup",
      "name": "backup",
      "provider": "provider[\"github.com/terraform-providers/edgecast\"]",
      "instances": [
        {
          "schema_version": 0,
          "attributes": {
            "account_number": "4FDBB",
            "id": "902",
            "name": "second48",
            "zone_composition": [
              {
                "master_group_id": 948,
                "master_server_tsigs": [
                  {
                    "master_server": [
                      {
                        "master_server_id": 2453
                      }
                    ],
                    "tsig": [
                      {
                        "tsig_id": 452
                      }
                    ]
                  },
                  {
                    "master_server": [
                      {
                        "master_server_id": 2454
                      }
                    ],
                    "tsig": [
                      {
                        "tsig_id": 452
                      }
                    ]
                  }
                ],
                "zones": [
                  {
                    "comment": "comment2",
                    "domain_name": "second49.com",
                    "status": 1,
                    "zone_type": 2
                  }
                ]
              }
            ]
          },
          "sensitive_attributes": [],
          "private": "bnVsbA==",
          "dependencies": [
            "edgecast_dns_masterservergroup.master_server_group",
            "edgecast_dns_tsig.tsig1"
          ]
        }
      ]
    },
    {
      "mode": "managed",
      "type": "edgecast_dns_tsig",
      "name": "tsig1",
      "provider": "provider[\"github.com/terraform-providers/edgecast\"]",
      "instances": [
        {
          "schema_version": 0,
          "attributes": {
            "account_number": "4FDBB",
            "algorithm_name": "HMAC-MD5",
            "alias": "tsig42",
            "id": "452",
            "key_name": "kn1",
            "key_value": "0c94515c15e5095b8a87a50ba0df3bf38ed05fe6"
          },
          "sensitive_attributes": [],
          "private": "bnVsbA=="
        }
      ]
    }
  ]
}
