{
  "version": 4,
  "terraform_version": "1.1.7",
  "serial": 397,
  "lineage": "772f9d0c-42be-7a43-a46c-a98c063cc1a7",
  "outputs": {},
  "resources": [
    {
      "mode": "managed",
      "type": "ec_customer",
      "name": "test_customer_01",
      "provider": "provider[\"github.com/terraform-providers/edgecast\"]",
      "instances": [
        {
          "schema_version": 0,
          "attributes": {
            "access_modules": [
              1,
              4,
              5,
              7,
              8,
              21,
              22,
              25,
              26,
              27,
              29,
              30,
              32,
              53,
              56,
              71,
              72,
              73,
              74,
              75,
              76,
              77,
              78,
              79,
              81,
              138,
              139,
              140,
              144,
              145,
              146,
              149,
              157,
              159,
              160,
              161,
              162,
              163,
              164,
              166,
              168,
              169,
              170,
              171,
              172,
              175,
              176,
              177,
              178,
              179,
              180,
              183,
              184,
              185,
              186,
              187,
              190,
              191,
              192,
              193,
              194,
              195,
              196,
              197,
              198,
              204,
              386,
              387,
              409,
              410,
              411,
              412,
              413,
              414,
              416,
              479,
              501,
              502,
              700,
              701,
              702,
              703,
              704,
              705,
              706,
              707,
              708,
              709
            ],
            "account_id": null,
            "address1": "",
            "address2": "",
            "bandwidth_usage_limit": "0",
            "billing_account_tag": "",
            "billing_address1": "",
            "billing_address2": "",
            "billing_city": "",
            "billing_contact_email": "",
            "billing_contact_fax": "",
            "billing_contact_first_name": "",
            "billing_contact_last_name": "",
            "billing_contact_mobile": "",
            "billing_contact_phone": "",
            "billing_contact_title": "",
            "billing_country": "",
            "billing_rate_info": "",
            "billing_state": "",
            "billing_zip": "",
            "city": "",
            "company_name": "Terraform Test Customer",
            "contact_email": "",
            "contact_fax": "",
            "contact_first_name": "",
            "contact_last_name": "",
            "contact_mobile": "",
            "contact_phone": "",
            "contact_title": "",
            "country": "",
            "data_transferred_usage_limit": "0",
            "delivery_region": 1,
            "id": "15D33E",
            "notes": "",
            "partner_id": 445,
            "partner_name": "Edgecast Internal Test - QA",
            "service_level_code": "STND",
            "services": [
              1,
              9,
              15,
              19
            ],
            "state": "",
            "status": 1,
            "usage_limit_update_date": "",
            "website": "",
            "wholesale_id": 54,
            "wholesale_name": "Edgecast Internal Test - QA",
            "zip": ""
          },
          "sensitive_attributes": [],
          "private": "bnVsbA=="
        }
      ]
    },
    {
      "mode": "managed",
      "type": "ec_customer_user",
      "name": "my_customer_user",
      "provider": "provider[\"github.com/terraform-providers/edgecast\"]",
      "instances": [
        {
          "schema_version": 0,
          "attributes": {
            "account_number": "15D33E",
            "address1": "",
            "address2": "",
            "city": "",
            "country": "",
            "custom_id": "",
            "email": "terraformuser1@sharedectest.com",
            "fax": "",
            "first_name": "Terraform",
            "id": "2895717",
            "is_admin": true,
            "last_login_date": "2022-04-08 23:51:23Z",
            "last_name": "Test2",
            "mobile": "",
            "phone": "",
            "state": "",
            "title": "",
            "zip": ""
          },
          "sensitive_attributes": [],
          "private": "bnVsbA=="
        }
      ]
    }
  ]
}
