{
  "version": 4,
  "terraform_version": "1.1.7",
  "serial": 4,
  "lineage": "be11d8e0-3bcf-3792-38ab-cded2805352c",
  "outputs": {
    "waf_rate_rule_id": {
      "value": [
        "sl5ARkNN"
      ],
      "type": [
        "tuple",
        [
          "string"
        ]
      ]
    }
  },
  "resources": [
    {
      "mode": "managed",
      "type": "edgecast_waf_rate_rule",
      "name": "rate_rule_1",
      "provider": "provider[\"github.com/terraform-providers/edgecast\"]",
      "instances": [
        {
          "schema_version": 0,
          "attributes": {
            "account_number": "4FDBB",
            "condition_group": [
              {
                "condition": [
                  {
                    "op": [
                      {
                        "is_case_insensitive": false,
                        "is_negated": false,
                        "type": "EM",
                        "value": "",
                        "values": [
                          "/800001/mycustomerorigin",
                          "/marketing"
                        ]
                      }
                    ],
                    "target": [
                      {
                        "type": "REQUEST_URI",
                        "value": ""
                      }
                    ]
                  },
                  {
                    "op": [
                      {
                        "is_case_insensitive": false,
                        "is_negated": false,
                        "type": "EM",
                        "value": "",
                        "values": [
                          "Chrome/91.0.4472.114",
                          "Mozilla/5.0"
                        ]
                      }
                    ],
                    "target": [
                      {
                        "type": "REQUEST_HEADERS",
                        "value": "User-Agent"
                      }
                    ]
                  }
                ],
                "id": "p78jnw8j",
                "name": "Group 2"
              },
              {
                "condition": [
                  {
                    "op": [
                      {
                        "is_case_insensitive": false,
                        "is_negated": false,
                        "type": "IPMATCH",
                        "value": "",
                        "values": [
                          "10.10.2.3",
                          "10.10.2.4",
                          "10.10.2.5"
                        ]
                      }
                    ],
                    "target": [
                      {
                        "type": "REMOTE_ADDR",
                        "value": ""
                      }
                    ]
                  },
                  {
                    "op": [
                      {
                        "is_case_insensitive": false,
                        "is_negated": false,
                        "type": "RX",
                        "value": "(.*?)\\.(jpg|gif|doc|pdf)$",
                        "values": []
                      }
                    ],
                    "target": [
                      {
                        "type": "FILE_EXT",
                        "value": ""
                      }
                    ]
                  },
                  {
                    "op": [
                      {
                        "is_case_insensitive": true,
                        "is_negated": true,
                        "type": "EM",
                        "value": "",
                        "values": [
                          "GET",
                          "POST"
                        ]
                      }
                    ],
                    "target": [
                      {
                        "type": "REQUEST_METHOD",
                        "value": ""
                      }
                    ]
                  }
                ],
                "id": "UHD02ubd",
                "name": "Group 1"
              }
            ],
            "disabled": false,
            "duration_sec": 1,
            "id": "sl5ARkNN",
            "keys": [
              "IP",
              "USER_AGENT"
            ],
            "name": "Rate Rule #1",
            "num": 10
          },
          "sensitive_attributes": [],
          "private": "bnVsbA=="
        }
      ]
    }
  ]
}
