{
  "version": 4,
  "terraform_version": "1.1.7",
  "serial": 3,
  "lineage": "5e24b76c-9cb1-11b7-2e89-07df8e1bfa5c",
  "outputs": {},
  "resources": [
    {
      "mode": "managed",
      "type": "edgecast_dns_tsig",
      "name": "tsig1",
      "provider": "provider[\"github.com/terraform-providers/edgecast\"]",
      "instances": [
        {
          "schema_version": 0,
          "attributes": {
            "account_number": "4FDBB",
            "algorithm_name": "HMAC-SHA512",
            "alias": "Test terraform keys",
            "id": "453",
            "key_name": "key1",
            "key_value": "001122334455"
          },
          "sensitive_attributes": [],
          "private": "bnVsbA=="
        }
      ]
    }
  ]
}
