{
  "version": 4,
  "terraform_version": "1.1.7",
  "serial": 4,
  "lineage": "1b160ec3-c81c-2877-e883-3711e35034e8",
  "outputs": {
    "MasterServerGroup": {
      "value": {
        "account_number": "4FDBB",
        "id": "947",
        "master_group_id": 947,
        "master_server_group_name": "msg99",
        "masters": [
          {
            "id": 2449,
            "ipaddress": "10.10.10.2",
            "name": "ns1.test.com"
          },
          {
            "id": 2450,
            "ipaddress": "10.10.10.3",
            "name": "ns2.test.com"
          },
          {
            "id": 2451,
            "ipaddress": "10.10.10.44",
            "name": "ns3.test.com"
          },
          {
            "id": 2452,
            "ipaddress": "10.10.10.5",
            "name": "ns4.test.com"
          }
        ]
      },
      "type": [
        "object",
        {
          "account_number": "string",
          "id": "string",
          "master_group_id": "number",
          "master_server_group_name": "string",
          "masters": [
            "list",
            [
              "object",
              {
                "id": "number",
                "ipaddress": "string",
                "name": "string"
              }
            ]
          ]
        }
      ]
    }
  },
  "resources": [
    {
      "mode": "managed",
      "type": "edgecast_dns_masterservergroup",
      "name": "master_server_group",
      "provider": "provider[\"github.com/terraform-providers/edgecast\"]",
      "instances": [
        {
          "schema_version": 0,
          "attributes": {
            "account_number": "4FDBB",
            "id": "947",
            "master_group_id": 947,
            "master_server_group_name": "msg99",
            "masters": [
              {
                "id": 2449,
                "ipaddress": "10.10.10.2",
                "name": "ns1.test.com"
              },
              {
                "id": 2450,
                "ipaddress": "10.10.10.3",
                "name": "ns2.test.com"
              },
              {
                "id": 2451,
                "ipaddress": "10.10.10.44",
                "name": "ns3.test.com"
              },
              {
                "id": 2452,
                "ipaddress": "10.10.10.5",
                "name": "ns4.test.com"
              }
            ]
          },
          "sensitive_attributes": [],
          "private": "bnVsbA=="
        }
      ]
    }
  ]
}
